
Microsoft Visual Studio Solution File, Format Version 12.00
# Visual Studio Version 17
VisualStudioVersion = 17.0.31903.59
MinimumVisualStudioVersion = 10.0.40219.1
Project("{2150E333-8FDC-42A3-9474-1A3956D46DE8}") = "Src", "Src", "{68592CFE-FFCD-456E-87FC-F85AD35C664B}"
EndProject
Project("{2150E333-8FDC-42A3-9474-1A3956D46DE8}") = "Test", "Test", "{1DCF8D54-49C4-45D7-BC42-A9FA29616FE2}"
EndProject
Project("{2150E333-8FDC-42A3-9474-1A3956D46DE8}") = "Core", "Core", "{BF16C571-DB4A-4644-9113-8061EA72EF5A}"
EndProject
Project("{2150E333-8FDC-42A3-9474-1A3956D46DE8}") = "Data", "Data", "{9280A2EC-7088-41C3-80AC-C98CCAC5A766}"
EndProject
Project("{2150E333-8FDC-42A3-9474-1A3956D46DE8}") = "Endpoint", "Endpoint", "{E6F13A60-485A-4A70-8882-5577472E7953}"
EndProject
Project("{9A19103F-16F7-4668-BE54-9A1E7A4F7556}") = "NewsManagement.Core.AppService", "Src\Core\NewsManagement.Core.AppService\NewsManagement.Core.AppService.csproj", "{63740162-E891-4F21-AD62-F68FC83409A3}"
EndProject
Project("{9A19103F-16F7-4668-BE54-9A1E7A4F7556}") = "NewsManagement.Core.Contract", "Src\Core\NewsManagement.Core.Contract\NewsManagement.Core.Contract.csproj", "{FF8DDC60-A001-4A56-AF5A-21C230AED963}"
EndProject
Project("{9A19103F-16F7-4668-BE54-9A1E7A4F7556}") = "NewsManagement.Core.Domain", "Src\Core\NewsManagement.Core.Domain\NewsManagement.Core.Domain.csproj", "{248C6F11-53C0-4336-BB3A-68D8E4F03EA5}"
EndProject
Project("{9A19103F-16F7-4668-BE54-9A1E7A4F7556}") = "NewsManagement.Data.Sql.Query", "Src\Data\NewsManagement.Data.Sql.Query\NewsManagement.Data.Sql.Query.csproj", "{A2542696-F543-4735-97DC-BA8654CC6C9B}"
EndProject
Project("{9A19103F-16F7-4668-BE54-9A1E7A4F7556}") = "NewsManagement.Data.Sql.Command", "Src\Data\NewsManagement.Data.Sql.Command\NewsManagement.Data.Sql.Command.csproj", "{22FBB856-6254-4B21-BD7F-859BFF2F6721}"
EndProject
Project("{9A19103F-16F7-4668-BE54-9A1E7A4F7556}") = "NewsManagement.Data.Sql", "Src\Data\NewsManagement.Data.Sql\NewsManagement.Data.Sql.csproj", "{3EA90E78-2BEE-4215-A3A5-96AB68B52D59}"
EndProject
Project("{9A19103F-16F7-4668-BE54-9A1E7A4F7556}") = "NewsManagement.Endpoint.API", "Src\Endpoint\NewsManagement.Endpoint.API\NewsManagement.Endpoint.API.csproj", "{5D7D0206-71FB-4D98-83B2-70BA25610404}"
EndProject
Project("{2150E333-8FDC-42A3-9474-1A3956D46DE8}") = "Core", "Core", "{68606FD6-E2C5-4306-9D3F-37B91FDFDDA5}"
EndProject
Project("{2150E333-8FDC-42A3-9474-1A3956D46DE8}") = "Data", "Data", "{6A3B896A-B708-4E2C-912B-541FB8EB0AF5}"
EndProject
Project("{2150E333-8FDC-42A3-9474-1A3956D46DE8}") = "Endpoint", "Endpoint", "{25973632-A352-4B19-BE4A-E6AC9E0D045A}"
EndProject
Project("{2150E333-8FDC-42A3-9474-1A3956D46DE8}") = "Unit", "Unit", "{7568023F-89DA-4689-8F4E-C8378208A344}"
EndProject
Project("{2150E333-8FDC-42A3-9474-1A3956D46DE8}") = "Acceptance", "Acceptance", "{9923D64F-F2BD-49A2-BED4-8080BF317CCD}"
EndProject
Project("{2150E333-8FDC-42A3-9474-1A3956D46DE8}") = "Integration", "Integration", "{6C5C97D3-174E-4808-B9EE-A6C7EF771B22}"
EndProject
Project("{2150E333-8FDC-42A3-9474-1A3956D46DE8}") = "Integration", "Integration", "{62BB960B-296B-4895-90F2-0CD17F44EDC1}"
EndProject
Project("{2150E333-8FDC-42A3-9474-1A3956D46DE8}") = "Domain", "Domain", "{5C8984F4-4F4E-4DF0-8876-878F9B959A5C}"
EndProject
Project("{2150E333-8FDC-42A3-9474-1A3956D46DE8}") = "AppService", "AppService", "{8AF654B7-EDA2-4228-93F0-E1ECB2CBB3A5}"
EndProject
Project("{2150E333-8FDC-42A3-9474-1A3956D46DE8}") = "Integration", "Integration", "{4AA5E30D-12BE-456F-8EA0-C67D159D0064}"
EndProject
Project("{2150E333-8FDC-42A3-9474-1A3956D46DE8}") = "Unit", "Unit", "{D357F7E6-E5D6-45E5-BE88-BA858B0C6DCB}"
EndProject
Project("{2150E333-8FDC-42A3-9474-1A3956D46DE8}") = "Integration", "Integration", "{DD65B3B6-7104-4DC8-9B6F-FCAC890C48E6}"
EndProject
Project("{2150E333-8FDC-42A3-9474-1A3956D46DE8}") = "Unit", "Unit", "{29BF157B-91EA-4CBE-A7FC-D360F307947A}"
EndProject
Project("{9A19103F-16F7-4668-BE54-9A1E7A4F7556}") = "NewsManagement.Core.Domain.Test.Unit", "Test\Core\Domain\Unit\NewsManagement.Core.Domain.Test.Unit\NewsManagement.Core.Domain.Test.Unit.csproj", "{ECC6F055-0A42-4AA7-B41E-34E0B20BAEDD}"
EndProject
Project("{9A19103F-16F7-4668-BE54-9A1E7A4F7556}") = "NewsManagement.Core.Domain.Test.Integration", "Test\Core\Domain\Integration\NewsManagement.Core.Domain.Test.Integration\NewsManagement.Core.Domain.Test.Integration.csproj", "{EE641970-4C9B-422C-98CA-1BE5B4CFE104}"
EndProject
Project("{9A19103F-16F7-4668-BE54-9A1E7A4F7556}") = "NewsManagement.Core.AppService.Test.Integration", "Test\Core\AppService\Integration\NewsManagement.Core.AppService.Test.Integration\NewsManagement.Core.AppService.Test.Integration.csproj", "{43537EBC-FFA2-440E-A9AC-5EEDA523977F}"
EndProject
Project("{9A19103F-16F7-4668-BE54-9A1E7A4F7556}") = "NewsManagement.Core.AppService.Test.Unit", "Test\Core\AppService\Unit\NewsManagement.Core.AppService.Test.Unit\NewsManagement.Core.AppService.Test.Unit.csproj", "{7418C30F-6C3A-4C40-B82D-14D4618F7CFC}"
EndProject
Project("{2150E333-8FDC-42A3-9474-1A3956D46DE8}") = "Command", "Command", "{48CA087E-5AE1-4CF6-A332-F88BE66094DC}"
EndProject
Project("{2150E333-8FDC-42A3-9474-1A3956D46DE8}") = "Query", "Query", "{6A5518A8-ABE5-4C70-9F0D-59771EB14C65}"
EndProject
Project("{9A19103F-16F7-4668-BE54-9A1E7A4F7556}") = "NewsManagement.Data.SqlCommand.Test.Integration", "Test\Data\Command\Integration\NewsManagement.Data.SqlCommand.Test.Integration\NewsManagement.Data.SqlCommand.Test.Integration.csproj", "{41582C5D-CCCC-44D7-80C5-71B576288543}"
EndProject
Project("{2150E333-8FDC-42A3-9474-1A3956D46DE8}") = "Integration", "Integration", "{9FCB8A95-0A9A-41E6-95CD-658AB37D6456}"
EndProject
Project("{9A19103F-16F7-4668-BE54-9A1E7A4F7556}") = "NewsManagement.Data.SqlQuery.Test.Integration", "Test\Data\Query\Integration\NewsManagement.Data.SqlQuery.Test.Integration\NewsManagement.Data.SqlQuery.Test.Integration.csproj", "{B4494057-3C75-49C1-9F47-21286F5E940A}"
EndProject
Project("{9A19103F-16F7-4668-BE54-9A1E7A4F7556}") = "NewsManagement.Endpoint.Test.Integration", "Test\Endpoint\Integration\NewsManagement.Endpoint.Test.Integration\NewsManagement.Endpoint.Test.Integration.csproj", "{CDFE6C87-BA1A-45E0-A383-B0BA6C5C4440}"
EndProject
Project("{9A19103F-16F7-4668-BE54-9A1E7A4F7556}") = "NewsManagement.Endpoint.Test.Unit", "Test\Endpoint\Unit\NewsManagement.Endpoint.Test.Unit\NewsManagement.Endpoint.Test.Unit.csproj", "{0915238D-DDFD-46CA-9E93-4A681891F7F7}"
EndProject
Project("{9A19103F-16F7-4668-BE54-9A1E7A4F7556}") = "NewsManagement.Endpoint.Test.Acceptance", "Test\Endpoint\Acceptance\NewsManagement.Endpoint.Test.Acceptance\NewsManagement.Endpoint.Test.Acceptance.csproj", "{E9844AFC-6D95-4804-A17E-313166C7BFCD}"
EndProject
Global
	GlobalSection(SolutionConfigurationPlatforms) = preSolution
		Debug|Any CPU = Debug|Any CPU
		Release|Any CPU = Release|Any CPU
	EndGlobalSection
	GlobalSection(ProjectConfigurationPlatforms) = postSolution
		{63740162-E891-4F21-AD62-F68FC83409A3}.Debug|Any CPU.ActiveCfg = Debug|Any CPU
		{63740162-E891-4F21-AD62-F68FC83409A3}.Debug|Any CPU.Build.0 = Debug|Any CPU
		{63740162-E891-4F21-AD62-F68FC83409A3}.Release|Any CPU.ActiveCfg = Release|Any CPU
		{63740162-E891-4F21-AD62-F68FC83409A3}.Release|Any CPU.Build.0 = Release|Any CPU
		{FF8DDC60-A001-4A56-AF5A-21C230AED963}.Debug|Any CPU.ActiveCfg = Debug|Any CPU
		{FF8DDC60-A001-4A56-AF5A-21C230AED963}.Debug|Any CPU.Build.0 = Debug|Any CPU
		{FF8DDC60-A001-4A56-AF5A-21C230AED963}.Release|Any CPU.ActiveCfg = Release|Any CPU
		{FF8DDC60-A001-4A56-AF5A-21C230AED963}.Release|Any CPU.Build.0 = Release|Any CPU
		{248C6F11-53C0-4336-BB3A-68D8E4F03EA5}.Debug|Any CPU.ActiveCfg = Debug|Any CPU
		{248C6F11-53C0-4336-BB3A-68D8E4F03EA5}.Debug|Any CPU.Build.0 = Debug|Any CPU
		{248C6F11-53C0-4336-BB3A-68D8E4F03EA5}.Release|Any CPU.ActiveCfg = Release|Any CPU
		{248C6F11-53C0-4336-BB3A-68D8E4F03EA5}.Release|Any CPU.Build.0 = Release|Any CPU
		{A2542696-F543-4735-97DC-BA8654CC6C9B}.Debug|Any CPU.ActiveCfg = Debug|Any CPU
		{A2542696-F543-4735-97DC-BA8654CC6C9B}.Debug|Any CPU.Build.0 = Debug|Any CPU
		{A2542696-F543-4735-97DC-BA8654CC6C9B}.Release|Any CPU.ActiveCfg = Release|Any CPU
		{A2542696-F543-4735-97DC-BA8654CC6C9B}.Release|Any CPU.Build.0 = Release|Any CPU
		{22FBB856-6254-4B21-BD7F-859BFF2F6721}.Debug|Any CPU.ActiveCfg = Debug|Any CPU
		{22FBB856-6254-4B21-BD7F-859BFF2F6721}.Debug|Any CPU.Build.0 = Debug|Any CPU
		{22FBB856-6254-4B21-BD7F-859BFF2F6721}.Release|Any CPU.ActiveCfg = Release|Any CPU
		{22FBB856-6254-4B21-BD7F-859BFF2F6721}.Release|Any CPU.Build.0 = Release|Any CPU
		{3EA90E78-2BEE-4215-A3A5-96AB68B52D59}.Debug|Any CPU.ActiveCfg = Debug|Any CPU
		{3EA90E78-2BEE-4215-A3A5-96AB68B52D59}.Debug|Any CPU.Build.0 = Debug|Any CPU
		{3EA90E78-2BEE-4215-A3A5-96AB68B52D59}.Release|Any CPU.ActiveCfg = Release|Any CPU
		{3EA90E78-2BEE-4215-A3A5-96AB68B52D59}.Release|Any CPU.Build.0 = Release|Any CPU
		{5D7D0206-71FB-4D98-83B2-70BA25610404}.Debug|Any CPU.ActiveCfg = Debug|Any CPU
		{5D7D0206-71FB-4D98-83B2-70BA25610404}.Debug|Any CPU.Build.0 = Debug|Any CPU
		{5D7D0206-71FB-4D98-83B2-70BA25610404}.Release|Any CPU.ActiveCfg = Release|Any CPU
		{5D7D0206-71FB-4D98-83B2-70BA25610404}.Release|Any CPU.Build.0 = Release|Any CPU
		{ECC6F055-0A42-4AA7-B41E-34E0B20BAEDD}.Debug|Any CPU.ActiveCfg = Debug|Any CPU
		{ECC6F055-0A42-4AA7-B41E-34E0B20BAEDD}.Debug|Any CPU.Build.0 = Debug|Any CPU
		{ECC6F055-0A42-4AA7-B41E-34E0B20BAEDD}.Release|Any CPU.ActiveCfg = Release|Any CPU
		{ECC6F055-0A42-4AA7-B41E-34E0B20BAEDD}.Release|Any CPU.Build.0 = Release|Any CPU
		{EE641970-4C9B-422C-98CA-1BE5B4CFE104}.Debug|Any CPU.ActiveCfg = Debug|Any CPU
		{EE641970-4C9B-422C-98CA-1BE5B4CFE104}.Debug|Any CPU.Build.0 = Debug|Any CPU
		{EE641970-4C9B-422C-98CA-1BE5B4CFE104}.Release|Any CPU.ActiveCfg = Release|Any CPU
		{EE641970-4C9B-422C-98CA-1BE5B4CFE104}.Release|Any CPU.Build.0 = Release|Any CPU
		{43537EBC-FFA2-440E-A9AC-5EEDA523977F}.Debug|Any CPU.ActiveCfg = Debug|Any CPU
		{43537EBC-FFA2-440E-A9AC-5EEDA523977F}.Debug|Any CPU.Build.0 = Debug|Any CPU
		{43537EBC-FFA2-440E-A9AC-5EEDA523977F}.Release|Any CPU.ActiveCfg = Release|Any CPU
		{43537EBC-FFA2-440E-A9AC-5EEDA523977F}.Release|Any CPU.Build.0 = Release|Any CPU
		{7418C30F-6C3A-4C40-B82D-14D4618F7CFC}.Debug|Any CPU.ActiveCfg = Debug|Any CPU
		{7418C30F-6C3A-4C40-B82D-14D4618F7CFC}.Debug|Any CPU.Build.0 = Debug|Any CPU
		{7418C30F-6C3A-4C40-B82D-14D4618F7CFC}.Release|Any CPU.ActiveCfg = Release|Any CPU
		{7418C30F-6C3A-4C40-B82D-14D4618F7CFC}.Release|Any CPU.Build.0 = Release|Any CPU
		{41582C5D-CCCC-44D7-80C5-71B576288543}.Debug|Any CPU.ActiveCfg = Debug|Any CPU
		{41582C5D-CCCC-44D7-80C5-71B576288543}.Debug|Any CPU.Build.0 = Debug|Any CPU
		{41582C5D-CCCC-44D7-80C5-71B576288543}.Release|Any CPU.ActiveCfg = Release|Any CPU
		{41582C5D-CCCC-44D7-80C5-71B576288543}.Release|Any CPU.Build.0 = Release|Any CPU
		{B4494057-3C75-49C1-9F47-21286F5E940A}.Debug|Any CPU.ActiveCfg = Debug|Any CPU
		{B4494057-3C75-49C1-9F47-21286F5E940A}.Debug|Any CPU.Build.0 = Debug|Any CPU
		{B4494057-3C75-49C1-9F47-21286F5E940A}.Release|Any CPU.ActiveCfg = Release|Any CPU
		{B4494057-3C75-49C1-9F47-21286F5E940A}.Release|Any CPU.Build.0 = Release|Any CPU
		{CDFE6C87-BA1A-45E0-A383-B0BA6C5C4440}.Debug|Any CPU.ActiveCfg = Debug|Any CPU
		{CDFE6C87-BA1A-45E0-A383-B0BA6C5C4440}.Debug|Any CPU.Build.0 = Debug|Any CPU
		{CDFE6C87-BA1A-45E0-A383-B0BA6C5C4440}.Release|Any CPU.ActiveCfg = Release|Any CPU
		{CDFE6C87-BA1A-45E0-A383-B0BA6C5C4440}.Release|Any CPU.Build.0 = Release|Any CPU
		{0915238D-DDFD-46CA-9E93-4A681891F7F7}.Debug|Any CPU.ActiveCfg = Debug|Any CPU
		{0915238D-DDFD-46CA-9E93-4A681891F7F7}.Debug|Any CPU.Build.0 = Debug|Any CPU
		{0915238D-DDFD-46CA-9E93-4A681891F7F7}.Release|Any CPU.ActiveCfg = Release|Any CPU
		{0915238D-DDFD-46CA-9E93-4A681891F7F7}.Release|Any CPU.Build.0 = Release|Any CPU
		{E9844AFC-6D95-4804-A17E-313166C7BFCD}.Debug|Any CPU.ActiveCfg = Debug|Any CPU
		{E9844AFC-6D95-4804-A17E-313166C7BFCD}.Debug|Any CPU.Build.0 = Debug|Any CPU
		{E9844AFC-6D95-4804-A17E-313166C7BFCD}.Release|Any CPU.ActiveCfg = Release|Any CPU
		{E9844AFC-6D95-4804-A17E-313166C7BFCD}.Release|Any CPU.Build.0 = Release|Any CPU
	EndGlobalSection
	GlobalSection(SolutionProperties) = preSolution
		HideSolutionNode = FALSE
	EndGlobalSection
	GlobalSection(NestedProjects) = preSolution
		{BF16C571-DB4A-4644-9113-8061EA72EF5A} = {68592CFE-FFCD-456E-87FC-F85AD35C664B}
		{9280A2EC-7088-41C3-80AC-C98CCAC5A766} = {68592CFE-FFCD-456E-87FC-F85AD35C664B}
		{E6F13A60-485A-4A70-8882-5577472E7953} = {68592CFE-FFCD-456E-87FC-F85AD35C664B}
		{63740162-E891-4F21-AD62-F68FC83409A3} = {BF16C571-DB4A-4644-9113-8061EA72EF5A}
		{FF8DDC60-A001-4A56-AF5A-21C230AED963} = {BF16C571-DB4A-4644-9113-8061EA72EF5A}
		{248C6F11-53C0-4336-BB3A-68D8E4F03EA5} = {BF16C571-DB4A-4644-9113-8061EA72EF5A}
		{A2542696-F543-4735-97DC-BA8654CC6C9B} = {9280A2EC-7088-41C3-80AC-C98CCAC5A766}
		{22FBB856-6254-4B21-BD7F-859BFF2F6721} = {9280A2EC-7088-41C3-80AC-C98CCAC5A766}
		{3EA90E78-2BEE-4215-A3A5-96AB68B52D59} = {9280A2EC-7088-41C3-80AC-C98CCAC5A766}
		{5D7D0206-71FB-4D98-83B2-70BA25610404} = {E6F13A60-485A-4A70-8882-5577472E7953}
		{68606FD6-E2C5-4306-9D3F-37B91FDFDDA5} = {1DCF8D54-49C4-45D7-BC42-A9FA29616FE2}
		{6A3B896A-B708-4E2C-912B-541FB8EB0AF5} = {1DCF8D54-49C4-45D7-BC42-A9FA29616FE2}
		{25973632-A352-4B19-BE4A-E6AC9E0D045A} = {1DCF8D54-49C4-45D7-BC42-A9FA29616FE2}
		{7568023F-89DA-4689-8F4E-C8378208A344} = {25973632-A352-4B19-BE4A-E6AC9E0D045A}
		{9923D64F-F2BD-49A2-BED4-8080BF317CCD} = {25973632-A352-4B19-BE4A-E6AC9E0D045A}
		{6C5C97D3-174E-4808-B9EE-A6C7EF771B22} = {25973632-A352-4B19-BE4A-E6AC9E0D045A}
		{62BB960B-296B-4895-90F2-0CD17F44EDC1} = {48CA087E-5AE1-4CF6-A332-F88BE66094DC}
		{5C8984F4-4F4E-4DF0-8876-878F9B959A5C} = {68606FD6-E2C5-4306-9D3F-37B91FDFDDA5}
		{8AF654B7-EDA2-4228-93F0-E1ECB2CBB3A5} = {68606FD6-E2C5-4306-9D3F-37B91FDFDDA5}
		{4AA5E30D-12BE-456F-8EA0-C67D159D0064} = {8AF654B7-EDA2-4228-93F0-E1ECB2CBB3A5}
		{D357F7E6-E5D6-45E5-BE88-BA858B0C6DCB} = {8AF654B7-EDA2-4228-93F0-E1ECB2CBB3A5}
		{DD65B3B6-7104-4DC8-9B6F-FCAC890C48E6} = {5C8984F4-4F4E-4DF0-8876-878F9B959A5C}
		{29BF157B-91EA-4CBE-A7FC-D360F307947A} = {5C8984F4-4F4E-4DF0-8876-878F9B959A5C}
		{ECC6F055-0A42-4AA7-B41E-34E0B20BAEDD} = {29BF157B-91EA-4CBE-A7FC-D360F307947A}
		{EE641970-4C9B-422C-98CA-1BE5B4CFE104} = {DD65B3B6-7104-4DC8-9B6F-FCAC890C48E6}
		{43537EBC-FFA2-440E-A9AC-5EEDA523977F} = {4AA5E30D-12BE-456F-8EA0-C67D159D0064}
		{7418C30F-6C3A-4C40-B82D-14D4618F7CFC} = {D357F7E6-E5D6-45E5-BE88-BA858B0C6DCB}
		{48CA087E-5AE1-4CF6-A332-F88BE66094DC} = {6A3B896A-B708-4E2C-912B-541FB8EB0AF5}
		{6A5518A8-ABE5-4C70-9F0D-59771EB14C65} = {6A3B896A-B708-4E2C-912B-541FB8EB0AF5}
		{41582C5D-CCCC-44D7-80C5-71B576288543} = {62BB960B-296B-4895-90F2-0CD17F44EDC1}
		{9FCB8A95-0A9A-41E6-95CD-658AB37D6456} = {6A5518A8-ABE5-4C70-9F0D-59771EB14C65}
		{B4494057-3C75-49C1-9F47-21286F5E940A} = {9FCB8A95-0A9A-41E6-95CD-658AB37D6456}
		{CDFE6C87-BA1A-45E0-A383-B0BA6C5C4440} = {6C5C97D3-174E-4808-B9EE-A6C7EF771B22}
		{0915238D-DDFD-46CA-9E93-4A681891F7F7} = {7568023F-89DA-4689-8F4E-C8378208A344}
		{E9844AFC-6D95-4804-A17E-313166C7BFCD} = {9923D64F-F2BD-49A2-BED4-8080BF317CCD}
	EndGlobalSection
	GlobalSection(ExtensibilityGlobals) = postSolution
		SolutionGuid = {8AEEE46F-1C89-4CE9-A193-78B85C4B85F9}
	EndGlobalSection
EndGlobal
